speakeasyVersion: 1.325.0
sources:
    default:
        sourceNamespace: default
        sourceRevisionDigest: sha256:42f8706dab31c314bf8313eac94101440ed747a92fba4f4053269541ccc4b989
        sourceBlobDigest: sha256:3ec92119b04b5301697a25fc0d890d3aace8103f8d6a26dff33c1d2779237e5b
        tags:
            - latest
            - main
targets:
    my-first-target:
        source: default
        sourceNamespace: default
        sourceRevisionDigest: sha256:42f8706dab31c314bf8313eac94101440ed747a92fba4f4053269541ccc4b989
        sourceBlobDigest: sha256:3ec92119b04b5301697a25fc0d890d3aace8103f8d6a26dff33c1d2779237e5b
        outLocation: /github/workspace/repo
workflow:
    workflowVersion: 1.0.0
    speakeasyVersion: latest
    sources:
        default:
            inputs:
                - location: openapi.yaml
            registry:
                location: registry.speakeasyapi.dev/log10/log10/default
    targets:
        my-first-target:
            target: go
            source: default
