speakeasyVersion: 1.541.2
sources:
    default:
        sourceNamespace: default
        sourceRevisionDigest: sha256:3590f8cf5eedf9ba64ba84497964ff5d15102ceba09905e383801aaeb9a1608b
        sourceBlobDigest: sha256:e5b326dcb0485e570d741a3ca0fca32d513f23787f588b20cf268d8445a9c211
        tags:
            - latest
            - speakeasy-sdk-regen-1736295204
            - 1.0.0
targets:
    my-first-target:
        source: default
        sourceNamespace: default
        sourceRevisionDigest: sha256:3590f8cf5eedf9ba64ba84497964ff5d15102ceba09905e383801aaeb9a1608b
        sourceBlobDigest: sha256:e5b326dcb0485e570d741a3ca0fca32d513f23787f588b20cf268d8445a9c211
        codeSamplesNamespace: default-go-code-samples
        codeSamplesRevisionDigest: sha256:2259f0c217b90994bda236cb12fa93c0b1e510af276c2dbb3611dc5a1a8e5cfb
workflow:
    workflowVersion: 1.0.0
    speakeasyVersion: latest
    sources:
        default:
            inputs:
                - location: openapi.yaml
            registry:
                location: registry.speakeasyapi.dev/log10/log10/default
    targets:
        my-first-target:
            target: go
            source: default
            codeSamples:
                registry:
                    location: registry.speakeasyapi.dev/log10/log10/default-go-code-samples
                labelOverride:
                    fixedValue: Go (SDK)
                blocking: false
