speakeasyVersion: 1.296.1
sources:
    default:
        sourceNamespace: default
        sourceRevisionDigest: sha256:e13d61f8be0f7ff07045d20f2e0671b5c93c2f2f185d768d991ab68ca99760e0
        sourceBlobDigest: sha256:7811f9a53e442babdafdc93fd2ec222a80fe0a260d6dfc2603b48c0aa05350db
        tags:
            - latest
targets:
    my-first-target:
        source: default
        sourceNamespace: default
        sourceRevisionDigest: sha256:e13d61f8be0f7ff07045d20f2e0671b5c93c2f2f185d768d991ab68ca99760e0
        sourceBlobDigest: sha256:7811f9a53e442babdafdc93fd2ec222a80fe0a260d6dfc2603b48c0aa05350db
        outLocation: /Users/niklasqnielsen/workspace/log10/log10go
workflow:
    workflowVersion: 1.0.0
    speakeasyVersion: latest
    sources:
        default:
            inputs:
                - location: openapi.yaml
            registry:
                location: registry.speakeasyapi.dev/log10/log10/default
    targets:
        my-first-target:
            target: go
            source: default
